{
    "_readme": [
        "This file locks the dependencies of your project to a known state",
        "Read more about it at https://getcomposer.org/doc/01-basic-usage.md#installing-dependencies",
        "This file is @generated automatically"
    ],
    "content-hash": "4be01111b9733df31a9275b18b74dc7a",
    "packages": [
        {
            "name": "swaggest/json-diff",
            "version": "v3.8.3",
            "source": {
                "type": "git",
                "url": "https://github.com/swaggest/json-diff.git",
                "reference": "bb3e3b4e9d842bb2e48f31ea568d0459968d1d42"
            },
            "dist": {
                "type": "zip",
                "url": "https://api.github.com/repos/swaggest/json-diff/zipball/bb3e3b4e9d842bb2e48f31ea568d0459968d1d42",
                "reference": "bb3e3b4e9d842bb2e48f31ea568d0459968d1d42",
                "shasum": ""
            },
            "require": {
                "ext-json": "*"
            },
            "require-dev": {
                "phpunit/phpunit": "^4.8.23"
            },
            "type": "library",
            "autoload": {
                "psr-4": {
                    "Swaggest\\JsonDiff\\": "src/"
                }
            },
            "notification-url": "https://packagist.org/downloads/",
            "license": [
                "MIT"
            ],
            "authors": [
                {
                    "name": "Viacheslav Poturaev",
                    "email": "vearutop@gmail.com"
                }
            ],
            "description": "JSON diff/rearrange/patch/pointer library for PHP",
            "support": {
                "issues": "https://github.com/swaggest/json-diff/issues",
                "source": "https://github.com/swaggest/json-diff/tree/v3.8.3"
            },
            "time": "2021-09-25T22:09:03+00:00"
        }
    ],
    "packages-dev": [],
    "aliases": [],
    "minimum-stability": "stable",
    "stability-flags": [],
    "prefer-stable": false,
    "prefer-lowest": false,
    "platform": [],
    "platform-dev": [],
    "plugin-api-version": "2.0.0"
}
